// !$*UTF8*$!
{
	archiveVersion = 1;
	classes = {
	};
	objectVersion = 46;
	objects = {

/* Begin PBXBuildFile section */
		3A8895F9E0A75B2111DF6A6A /* libPods-StudyTarget.a in Frameworks */ = {isa = PBXBuildFile; fileRef = 6A733004430C3A0F379101C9 /* libPods-StudyTarget.a */; };
		7872AA201E02402200B436BB /* NSObject+Swizzling.m in Sources */ = {isa = PBXBuildFile; fileRef = 7872AA191E02402200B436BB /* NSObject+Swizzling.m */; };
		7872AA211E02402200B436BB /* PlaceHeaderview.m in Sources */ = {isa = PBXBuildFile; fileRef = 7872AA1B1E02402200B436BB /* PlaceHeaderview.m */; };
		7872AA221E02402200B436BB /* UICollectionView+PlaceHeader.m in Sources */ = {isa = PBXBuildFile; fileRef = 7872AA1D1E02402200B436BB /* UICollectionView+PlaceHeader.m */; };
		7872AA231E02402200B436BB /* UITableView+PlaceHeader.m in Sources */ = {isa = PBXBuildFile; fileRef = 7872AA1F1E02402200B436BB /* UITableView+PlaceHeader.m */; };
		78B4C5241E07835A006F37AB /* CLDemo.m in Sources */ = {isa = PBXBuildFile; fileRef = 78B4C5231E07835A006F37AB /* CLDemo.m */; };
		78B4C5271E07851C006F37AB /* CLProtocolDemo.m in Sources */ = {isa = PBXBuildFile; fileRef = 78B4C5261E07851C006F37AB /* CLProtocolDemo.m */; };
		78BCBFEE1E01019F002B501E /* main.m in Sources */ = {isa = PBXBuildFile; fileRef = 78BCBFED1E01019F002B501E /* main.m */; };
		78BCBFF11E01019F002B501E /* AppDelegate.m in Sources */ = {isa = PBXBuildFile; fileRef = 78BCBFF01E01019F002B501E /* AppDelegate.m */; };
		78BCBFF91E01019F002B501E /* Assets.xcassets in Resources */ = {isa = PBXBuildFile; fileRef = 78BCBFF81E01019F002B501E /* Assets.xcassets */; };
		78BCBFFC1E01019F002B501E /* LaunchScreen.storyboard in Resources */ = {isa = PBXBuildFile; fileRef = 78BCBFFA1E01019F002B501E /* LaunchScreen.storyboard */; };
		78BCC0071E01019F002B501E /* StudyTargetTests.m in Sources */ = {isa = PBXBuildFile; fileRef = 78BCC0061E01019F002B501E /* StudyTargetTests.m */; };
		78BCC0121E01019F002B501E /* StudyTargetUITests.m in Sources */ = {isa = PBXBuildFile; fileRef = 78BCC0111E01019F002B501E /* StudyTargetUITests.m */; };
		78BCC0271E010222002B501E /* CLTabBar.m in Sources */ = {isa = PBXBuildFile; fileRef = 78BCC0261E010222002B501E /* CLTabBar.m */; };
		78BCC0291E010233002B501E /* CLTabBar.plist in Resources */ = {isa = PBXBuildFile; fileRef = 78BCC0281E010233002B501E /* CLTabBar.plist */; };
		78BCC02F1E010312002B501E /* BaseNavigationController.m in Sources */ = {isa = PBXBuildFile; fileRef = 78BCC02C1E010312002B501E /* BaseNavigationController.m */; };
		78BCC0301E010312002B501E /* BaseViewController.m in Sources */ = {isa = PBXBuildFile; fileRef = 78BCC02E1E010312002B501E /* BaseViewController.m */; };
		78BCC03C1E011A3D002B501E /* WorkVc.m in Sources */ = {isa = PBXBuildFile; fileRef = 78BCC03B1E011A3D002B501E /* WorkVc.m */; };
		78BCC03F1E011A50002B501E /* HomeVc.m in Sources */ = {isa = PBXBuildFile; fileRef = 78BCC03E1E011A50002B501E /* HomeVc.m */; };
		78BCC0421E011AB8002B501E /* MineVc.m in Sources */ = {isa = PBXBuildFile; fileRef = 78BCC0411E011AB8002B501E /* MineVc.m */; };
		78BCC0481E012D14002B501E /* CLButton.m in Sources */ = {isa = PBXBuildFile; fileRef = 78BCC0451E012D14002B501E /* CLButton.m */; };
		78BCC0491E012D14002B501E /* UIButton+Layout.m in Sources */ = {isa = PBXBuildFile; fileRef = 78BCC0471E012D14002B501E /* UIButton+Layout.m */; };
		9409721F1E4441FF00634BCC /* SURefreshHeader.m in Sources */ = {isa = PBXBuildFile; fileRef = 9409721A1E4441FF00634BCC /* SURefreshHeader.m */; };
		940972201E4441FF00634BCC /* UIScrollView+SURefresh.m in Sources */ = {isa = PBXBuildFile; fileRef = 9409721C1E4441FF00634BCC /* UIScrollView+SURefresh.m */; };
		940972211E4441FF00634BCC /* UIView+SURefresh.m in Sources */ = {isa = PBXBuildFile; fileRef = 9409721E1E4441FF00634BCC /* UIView+SURefresh.m */; };
		941DDF821E385D3600F10C64 /* TipView.m in Sources */ = {isa = PBXBuildFile; fileRef = 941DDF811E385D3600F10C64 /* TipView.m */; };
		941DDF871E388DEB00F10C64 /* SystemConfiguration.framework in Frameworks */ = {isa = PBXBuildFile; fileRef = 941DDF861E388DEB00F10C64 /* SystemConfiguration.framework */; };
		941DDF891E388F1800F10C64 /* Foundation.framework in Frameworks */ = {isa = PBXBuildFile; fileRef = 941DDF881E388F1800F10C64 /* Foundation.framework */; };
		941DDF8B1E388F2600F10C64 /* UIKit.framework in Frameworks */ = {isa = PBXBuildFile; fileRef = 941DDF8A1E388F2600F10C64 /* UIKit.framework */; };
		941DDF8D1E388F3500F10C64 /* CoreGraphics.framework in Frameworks */ = {isa = PBXBuildFile; fileRef = 941DDF8C1E388F3500F10C64 /* CoreGraphics.framework */; };
		941DDF901E38929800F10C64 /* HLNetWorkReachability.m in Sources */ = {isa = PBXBuildFile; fileRef = 941DDF8F1E38929800F10C64 /* HLNetWorkReachability.m */; };
		944C98E61E1CA259003F1736 /* TouchViewController.m in Sources */ = {isa = PBXBuildFile; fileRef = 944C98E51E1CA259003F1736 /* TouchViewController.m */; };
		944C98EC1E1CCFE4003F1736 /* TouchChildViewController.m in Sources */ = {isa = PBXBuildFile; fileRef = 944C98EB1E1CCFE4003F1736 /* TouchChildViewController.m */; };
		94663F3C1E08CC4D0022EE6B /* YMDragView.m in Sources */ = {isa = PBXBuildFile; fileRef = 94663F3B1E08CC4D0022EE6B /* YMDragView.m */; };
		9499A4271E540BDC00B4D6A5 /* DACircularProgressView.m in Sources */ = {isa = PBXBuildFile; fileRef = 9499A4241E540BDC00B4D6A5 /* DACircularProgressView.m */; };
		9499A4281E540BDC00B4D6A5 /* DALabeledCircularProgressView.m in Sources */ = {isa = PBXBuildFile; fileRef = 9499A4261E540BDC00B4D6A5 /* DALabeledCircularProgressView.m */; };
		94F2E86E1E01528A0013103F /* HomePlist.plist in Resources */ = {isa = PBXBuildFile; fileRef = 94F2E86D1E01528A0013103F /* HomePlist.plist */; };
		94F2E8721E0153670013103F /* WTSystemInfo.m in Sources */ = {isa = PBXBuildFile; fileRef = 94F2E8711E0153670013103F /* WTSystemInfo.m */; };
		94F2E8811E0174820013103F /* IdentifyViewController.m in Sources */ = {isa = PBXBuildFile; fileRef = 94F2E87E1E0174820013103F /* IdentifyViewController.m */; };
		94F2E8871E01748E0013103F /* LXDScanCodeController.m in Sources */ = {isa = PBXBuildFile; fileRef = 94F2E8841E01748E0013103F /* LXDScanCodeController.m */; };
		94F2E8881E01748E0013103F /* LXDScanView.m in Sources */ = {isa = PBXBuildFile; fileRef = 94F2E8861E01748E0013103F /* LXDScanView.m */; };
		94FC8B3A1E07D6D300A86EC3 /* JSUIWebView.html in Resources */ = {isa = PBXBuildFile; fileRef = 94FC8B2C1E07D6D300A86EC3 /* JSUIWebView.html */; };
		94FC8B3B1E07D6D300A86EC3 /* JSUIWebViewViewController.m in Sources */ = {isa = PBXBuildFile; fileRef = 94FC8B2E1E07D6D300A86EC3 /* JSUIWebViewViewController.m */; };
		94FC8B3C1E07D6D300A86EC3 /* JSUIWebViewViewController.xib in Resources */ = {isa = PBXBuildFile; fileRef = 94FC8B2F1E07D6D300A86EC3 /* JSUIWebViewViewController.xib */; };
		94FC8B3D1E07D6D300A86EC3 /* light_advice.png in Resources */ = {isa = PBXBuildFile; fileRef = 94FC8B301E07D6D300A86EC3 /* light_advice.png */; };
		94FC8B3E1E07D6D300A86EC3 /* light_illstration.png in Resources */ = {isa = PBXBuildFile; fileRef = 94FC8B311E07D6D300A86EC3 /* light_illstration.png */; };
		94FC8B3F1E07D6D300A86EC3 /* UIWebViewJS.html in Resources */ = {isa = PBXBuildFile; fileRef = 94FC8B321E07D6D300A86EC3 /* UIWebViewJS.html */; };
		94FC8B401E07D6D300A86EC3 /* UIWebViewJS_file.html in Resources */ = {isa = PBXBuildFile; fileRef = 94FC8B331E07D6D300A86EC3 /* UIWebViewJS_file.html */; };
		94FC8B411E07D6D300A86EC3 /* UIWebViewJS_location.html in Resources */ = {isa = PBXBuildFile; fileRef = 94FC8B341E07D6D300A86EC3 /* UIWebViewJS_location.html */; };
		94FC8B421E07D6D300A86EC3 /* UIWebViewJSViewController.m in Sources */ = {isa = PBXBuildFile; fileRef = 94FC8B361E07D6D300A86EC3 /* UIWebViewJSViewController.m */; };
		94FC8B431E07D6D300A86EC3 /* UIWebViewJSViewController.xib in Resources */ = {isa = PBXBuildFile; fileRef = 94FC8B371E07D6D300A86EC3 /* UIWebViewJSViewController.xib */; };
		94FC8B441E07D6D300A86EC3 /* WebView+Alert.m in Sources */ = {isa = PBXBuildFile; fileRef = 94FC8B391E07D6D300A86EC3 /* WebView+Alert.m */; };
		94FC8B511E07D78C00A86EC3 /* JSWKWebView.html in Resources */ = {isa = PBXBuildFile; fileRef = 94FC8B471E07D78C00A86EC3 /* JSWKWebView.html */; };
		94FC8B521E07D78C00A86EC3 /* JSWKWebViewViewController.m in Sources */ = {isa = PBXBuildFile; fileRef = 94FC8B491E07D78C00A86EC3 /* JSWKWebViewViewController.m */; };
		94FC8B531E07D78C00A86EC3 /* JSWKWebViewViewController.xib in Resources */ = {isa = PBXBuildFile; fileRef = 94FC8B4A1E07D78C00A86EC3 /* JSWKWebViewViewController.xib */; };
		94FC8B541E07D78C00A86EC3 /* WKWebViewJS_file.html in Resources */ = {isa = PBXBuildFile; fileRef = 94FC8B4B1E07D78C00A86EC3 /* WKWebViewJS_file.html */; };
		94FC8B551E07D78C00A86EC3 /* WKWebViewJS_location.html in Resources */ = {isa = PBXBuildFile; fileRef = 94FC8B4C1E07D78C00A86EC3 /* WKWebViewJS_location.html */; };
		94FC8B561E07D78C00A86EC3 /* WKWebViewJS.html in Resources */ = {isa = PBXBuildFile; fileRef = 94FC8B4D1E07D78C00A86EC3 /* WKWebViewJS.html */; };
		94FC8B571E07D78C00A86EC3 /* WKWebViewJSViewController.m in Sources */ = {isa = PBXBuildFile; fileRef = 94FC8B4F1E07D78C00A86EC3 /* WKWebViewJSViewController.m */; };
		94FC8B581E07D78C00A86EC3 /* WKWebViewJSViewController.xib in Resources */ = {isa = PBXBuildFile; fileRef = 94FC8B501E07D78C00A86EC3 /* WKWebViewJSViewController.xib */; };
		94FC8B5C1E07D7B700A86EC3 /* SecondViewController.m in Sources */ = {isa = PBXBuildFile; fileRef = 94FC8B5A1E07D7B700A86EC3 /* SecondViewController.m */; };
		94FC8B5D1E07D7B700A86EC3 /* SecondViewController.xib in Resources */ = {isa = PBXBuildFile; fileRef = 94FC8B5B1E07D7B700A86EC3 /* SecondViewController.xib */; };
		94FC8B621E07D7BF00A86EC3 /* OCCallJSViewController.m in Sources */ = {isa = PBXBuildFile; fileRef = 94FC8B5F1E07D7BF00A86EC3 /* OCCallJSViewController.m */; };
		94FC8B631E07D7BF00A86EC3 /* OCCallJSViewController.xib in Resources */ = {isa = PBXBuildFile; fileRef = 94FC8B601E07D7BF00A86EC3 /* OCCallJSViewController.xib */; };
		94FC8B641E07D7BF00A86EC3 /* test.js in Resources */ = {isa = PBXBuildFile; fileRef = 94FC8B611E07D7BF00A86EC3 /* test.js */; };
		94FC8B691E07D7C700A86EC3 /* JSCallOC.html in Resources */ = {isa = PBXBuildFile; fileRef = 94FC8B651E07D7C700A86EC3 /* JSCallOC.html */; };
		94FC8B6A1E07D7C700A86EC3 /* JSCallOCViewController.m in Sources */ = {isa = PBXBuildFile; fileRef = 94FC8B671E07D7C700A86EC3 /* JSCallOCViewController.m */; };
		94FC8B6B1E07D7C700A86EC3 /* JSCallOCViewController.xib in Resources */ = {isa = PBXBuildFile; fileRef = 94FC8B681E07D7C700A86EC3 /* JSCallOCViewController.xib */; };
		94FC8B721E07D7D000A86EC3 /* highcharts.js in Resources */ = {isa = PBXBuildFile; fileRef = 94FC8B6C1E07D7D000A86EC3 /* highcharts.js */; };
		94FC8B731E07D7D000A86EC3 /* HighchartsView.html in Resources */ = {isa = PBXBuildFile; fileRef = 94FC8B6D1E07D7D000A86EC3 /* HighchartsView.html */; };
		94FC8B741E07D7D000A86EC3 /* HighchartsWebViewController.m in Sources */ = {isa = PBXBuildFile; fileRef = 94FC8B6F1E07D7D000A86EC3 /* HighchartsWebViewController.m */; };
		94FC8B751E07D7D000A86EC3 /* HighchartsWebViewController.xib in Resources */ = {isa = PBXBuildFile; fileRef = 94FC8B701E07D7D000A86EC3 /* HighchartsWebViewController.xib */; };
		94FC8B761E07D7D000A86EC3 /* jquery-1.11.0.min.js in Resources */ = {isa = PBXBuildFile; fileRef = 94FC8B711E07D7D000A86EC3 /* jquery-1.11.0.min.js */; };
/* End PBXBuildFile section */

/* Begin PBXContainerItemProxy section */
		78BCC0031E01019F002B501E /* PBXContainerItemProxy */ = {
			isa = PBXContainerItemProxy;
			containerPortal = 78BCBFE11E01019F002B501E /* Project object */;
			proxyType = 1;
			remoteGlobalIDString = 78BCBFE81E01019F002B501E;
			remoteInfo = StudyTarget;
		};
		78BCC00E1E01019F002B501E /* PBXContainerItemProxy */ = {
			isa = PBXContainerItemProxy;
			containerPortal = 78BCBFE11E01019F002B501E /* Project object */;
			proxyType = 1;
			remoteGlobalIDString = 78BCBFE81E01019F002B501E;
			remoteInfo = StudyTarget;
		};
/* End PBXContainerItemProxy section */

/* Begin PBXFileReference section */
		6A733004430C3A0F379101C9 /* libPods-StudyTarget.a */ = {isa = PBXFileReference; explicitFileType = archive.ar; includeInIndex = 0; path = "libPods-StudyTarget.a"; sourceTree = BUILT_PRODUCTS_DIR; };
		7872AA181E02402200B436BB /* NSObject+Swizzling.h */ = {isa = PBXFileReference; fileEncoding = 4; lastKnownFileType = sourcecode.c.h; path = "NSObject+Swizzling.h"; sourceTree = "<group>"; };
		7872AA191E02402200B436BB /* NSObject+Swizzling.m */ = {isa = PBXFileReference; fileEncoding = 4; lastKnownFileType = sourcecode.c.objc; path = "NSObject+Swizzling.m"; sourceTree = "<group>"; };
		7872AA1A1E02402200B436BB /* PlaceHeaderview.h */ = {isa = PBXFileReference; fileEncoding = 4; lastKnownFileType = sourcecode.c.h; path = PlaceHeaderview.h; sourceTree = "<group>"; };
		7872AA1B1E02402200B436BB /* PlaceHeaderview.m */ = {isa = PBXFileReference; fileEncoding = 4; lastKnownFileType = sourcecode.c.objc; path = PlaceHeaderview.m; sourceTree = "<group>"; };
		7872AA1C1E02402200B436BB /* UICollectionView+PlaceHeader.h */ = {isa = PBXFileReference; fileEncoding = 4; lastKnownFileType = sourcecode.c.h; path = "UICollectionView+PlaceHeader.h"; sourceTree = "<group>"; };
		7872AA1D1E02402200B436BB /* UICollectionView+PlaceHeader.m */ = {isa = PBXFileReference; fileEncoding = 4; lastKnownFileType = sourcecode.c.objc; path = "UICollectionView+PlaceHeader.m"; sourceTree = "<group>"; };
		7872AA1E1E02402200B436BB /* UITableView+PlaceHeader.h */ = {isa = PBXFileReference; fileEncoding = 4; lastKnownFileType = sourcecode.c.h; path = "UITableView+PlaceHeader.h"; sourceTree = "<group>"; };
		7872AA1F1E02402200B436BB /* UITableView+PlaceHeader.m */ = {isa = PBXFileReference; fileEncoding = 4; lastKnownFileType = sourcecode.c.objc; path = "UITableView+PlaceHeader.m"; sourceTree = "<group>"; };
		78B4C5211E07825C006F37AB /* CLProtocol.h */ = {isa = PBXFileReference; fileEncoding = 4; lastKnownFileType = sourcecode.c.h; path = CLProtocol.h; sourceTree = "<group>"; };
		78B4C5221E07835A006F37AB /* CLDemo.h */ = {isa = PBXFileReference; fileEncoding = 4; lastKnownFileType = sourcecode.c.h; path = CLDemo.h; sourceTree = "<group>"; };
		78B4C5231E07835A006F37AB /* CLDemo.m */ = {isa = PBXFileReference; fileEncoding = 4; lastKnownFileType = sourcecode.c.objc; path = CLDemo.m; sourceTree = "<group>"; };
		78B4C5251E07851C006F37AB /* CLProtocolDemo.h */ = {isa = PBXFileReference; fileEncoding = 4; lastKnownFileType = sourcecode.c.h; path = CLProtocolDemo.h; sourceTree = "<group>"; };
		78B4C5261E07851C006F37AB /* CLProtocolDemo.m */ = {isa = PBXFileReference; fileEncoding = 4; lastKnownFileType = sourcecode.c.objc; path = CLProtocolDemo.m; sourceTree = "<group>"; };
		78BCBFE91E01019F002B501E /* StudyTarget.app */ = {isa = PBXFileReference; explicitFileType = wrapper.application; includeInIndex = 0; path = StudyTarget.app; sourceTree = BUILT_PRODUCTS_DIR; };
		78BCBFED1E01019F002B501E /* main.m */ = {isa = PBXFileReference; lastKnownFileType = sourcecode.c.objc; path = main.m; sourceTree = "<group>"; };
		78BCBFEF1E01019F002B501E /* AppDelegate.h */ = {isa = PBXFileReference; lastKnownFileType = sourcecode.c.h; path = AppDelegate.h; sourceTree = "<group>"; };
		78BCBFF01E01019F002B501E /* AppDelegate.m */ = {isa = PBXFileReference; lastKnownFileType = sourcecode.c.objc; path = AppDelegate.m; sourceTree = "<group>"; };
		78BCBFF81E01019F002B501E /* Assets.xcassets */ = {isa = PBXFileReference; lastKnownFileType = folder.assetcatalog; path = Assets.xcassets; sourceTree = "<group>"; };
		78BCBFFB1E01019F002B501E /* Base */ = {isa = PBXFileReference; lastKnownFileType = file.storyboard; name = Base; path = Base.lproj/LaunchScreen.storyboard; sourceTree = "<group>"; };
		78BCBFFD1E01019F002B501E /* Info.plist */ = {isa = PBXFileReference; lastKnownFileType = text.plist.xml; path = Info.plist; sourceTree = "<group>"; };
		78BCC0021E01019F002B501E /* StudyTargetTests.xctest */ = {isa = PBXFileReference; explicitFileType = wrapper.cfbundle; includeInIndex = 0; path = StudyTargetTests.xctest; sourceTree = BUILT_PRODUCTS_DIR; };
		78BCC0061E01019F002B501E /* StudyTargetTests.m */ = {isa = PBXFileReference; lastKnownFileType = sourcecode.c.objc; path = StudyTargetTests.m; sourceTree = "<group>"; };
		78BCC0081E01019F002B501E /* Info.plist */ = {isa = PBXFileReference; lastKnownFileType = text.plist.xml; path = Info.plist; sourceTree = "<group>"; };
		78BCC00D1E01019F002B501E /* StudyTargetUITests.xctest */ = {isa = PBXFileReference; explicitFileType = wrapper.cfbundle; includeInIndex = 0; path = StudyTargetUITests.xctest; sourceTree = BUILT_PRODUCTS_DIR; };
		78BCC0111E01019F002B501E /* StudyTargetUITests.m */ = {isa = PBXFileReference; lastKnownFileType = sourcecode.c.objc; path = StudyTargetUITests.m; sourceTree = "<group>"; };
		78BCC0131E01019F002B501E /* Info.plist */ = {isa = PBXFileReference; lastKnownFileType = text.plist.xml; path = Info.plist; sourceTree = "<group>"; };
		78BCC0251E010222002B501E /* CLTabBar.h */ = {isa = PBXFileReference; fileEncoding = 4; lastKnownFileType = sourcecode.c.h; path = CLTabBar.h; sourceTree = "<group>"; };
		78BCC0261E010222002B501E /* CLTabBar.m */ = {isa = PBXFileReference; fileEncoding = 4; lastKnownFileType = sourcecode.c.objc; path = CLTabBar.m; sourceTree = "<group>"; };
		78BCC0281E010233002B501E /* CLTabBar.plist */ = {isa = PBXFileReference; fileEncoding = 4; lastKnownFileType = text.plist.xml; path = CLTabBar.plist; sourceTree = "<group>"; };
		78BCC02B1E010312002B501E /* BaseNavigationController.h */ = {isa = PBXFileReference; fileEncoding = 4; lastKnownFileType = sourcecode.c.h; path = BaseNavigationController.h; sourceTree = "<group>"; };
		78BCC02C1E010312002B501E /* BaseNavigationController.m */ = {isa = PBXFileReference; fileEncoding = 4; lastKnownFileType = sourcecode.c.objc; path = BaseNavigationController.m; sourceTree = "<group>"; };
		78BCC02D1E010312002B501E /* BaseViewController.h */ = {isa = PBXFileReference; fileEncoding = 4; lastKnownFileType = sourcecode.c.h; path = BaseViewController.h; sourceTree = "<group>"; };
		78BCC02E1E010312002B501E /* BaseViewController.m */ = {isa = PBXFileReference; fileEncoding = 4; lastKnownFileType = sourcecode.c.objc; path = BaseViewController.m; sourceTree = "<group>"; };
		78BCC03A1E011A3D002B501E /* WorkVc.h */ = {isa = PBXFileReference; fileEncoding = 4; lastKnownFileType = sourcecode.c.h; path = WorkVc.h; sourceTree = "<group>"; };
		78BCC03B1E011A3D002B501E /* WorkVc.m */ = {isa = PBXFileReference; fileEncoding = 4; lastKnownFileType = sourcecode.c.objc; path = WorkVc.m; sourceTree = "<group>"; };
		78BCC03D1E011A50002B501E /* HomeVc.h */ = {isa = PBXFileReference; fileEncoding = 4; lastKnownFileType = sourcecode.c.h; path = HomeVc.h; sourceTree = "<group>"; };
		78BCC03E1E011A50002B501E /* HomeVc.m */ = {isa = PBXFileReference; fileEncoding = 4; lastKnownFileType = sourcecode.c.objc; path = HomeVc.m; sourceTree = "<group>"; };
		78BCC0401E011AB8002B501E /* MineVc.h */ = {isa = PBXFileReference; fileEncoding = 4; lastKnownFileType = sourcecode.c.h; path = MineVc.h; sourceTree = "<group>"; };
		78BCC0411E011AB8002B501E /* MineVc.m */ = {isa = PBXFileReference; fileEncoding = 4; lastKnownFileType = sourcecode.c.objc; path = MineVc.m; sourceTree = "<group>"; };
		78BCC0441E012D14002B501E /* CLButton.h */ = {isa = PBXFileReference; fileEncoding = 4; lastKnownFileType = sourcecode.c.h; path = CLButton.h; sourceTree = "<group>"; };
		78BCC0451E012D14002B501E /* CLButton.m */ = {isa = PBXFileReference; fileEncoding = 4; lastKnownFileType = sourcecode.c.objc; path = CLButton.m; sourceTree = "<group>"; };
		78BCC0461E012D14002B501E /* UIButton+Layout.h */ = {isa = PBXFileReference; fileEncoding = 4; lastKnownFileType = sourcecode.c.h; path = "UIButton+Layout.h"; sourceTree = "<group>"; };
		78BCC0471E012D14002B501E /* UIButton+Layout.m */ = {isa = PBXFileReference; fileEncoding = 4; lastKnownFileType = sourcecode.c.objc; path = "UIButton+Layout.m"; sourceTree = "<group>"; };
		8D1B5B016BD2149E4625AAAA /* Pods-StudyTarget.release.xcconfig */ = {isa = PBXFileReference; includeInIndex = 1; lastKnownFileType = text.xcconfig; name = "Pods-StudyTarget.release.xcconfig"; path = "Pods/Target Support Files/Pods-StudyTarget/Pods-StudyTarget.release.xcconfig"; sourceTree = "<group>"; };
		940972191E4441FF00634BCC /* SURefreshHeader.h */ = {isa = PBXFileReference; fileEncoding = 4; lastKnownFileType = sourcecode.c.h; path = SURefreshHeader.h; sourceTree = "<group>"; };
		9409721A1E4441FF00634BCC /* SURefreshHeader.m */ = {isa = PBXFileReference; fileEncoding = 4; lastKnownFileType = sourcecode.c.objc; path = SURefreshHeader.m; sourceTree = "<group>"; };
		9409721B1E4441FF00634BCC /* UIScrollView+SURefresh.h */ = {isa = PBXFileReference; fileEncoding = 4; lastKnownFileType = sourcecode.c.h; path = "UIScrollView+SURefresh.h"; sourceTree = "<group>"; };
		9409721C1E4441FF00634BCC /* UIScrollView+SURefresh.m */ = {isa = PBXFileReference; fileEncoding = 4; lastKnownFileType = sourcecode.c.objc; path = "UIScrollView+SURefresh.m"; sourceTree = "<group>"; };
		9409721D1E4441FF00634BCC /* UIView+SURefresh.h */ = {isa = PBXFileReference; fileEncoding = 4; lastKnownFileType = sourcecode.c.h; path = "UIView+SURefresh.h"; sourceTree = "<group>"; };
		9409721E1E4441FF00634BCC /* UIView+SURefresh.m */ = {isa = PBXFileReference; fileEncoding = 4; lastKnownFileType = sourcecode.c.objc; path = "UIView+SURefresh.m"; sourceTree = "<group>"; };
		941DDF801E385D3600F10C64 /* TipView.h */ = {isa = PBXFileReference; fileEncoding = 4; lastKnownFileType = sourcecode.c.h; path = TipView.h; sourceTree = "<group>"; };
		941DDF811E385D3600F10C64 /* TipView.m */ = {isa = PBXFileReference; fileEncoding = 4; lastKnownFileType = sourcecode.c.objc; path = TipView.m; sourceTree = "<group>"; };
		941DDF861E388DEB00F10C64 /* SystemConfiguration.framework */ = {isa = PBXFileReference; lastKnownFileType = wrapper.framework; name = SystemConfiguration.framework; path = System/Library/Frameworks/SystemConfiguration.framework; sourceTree = SDKROOT; };
		941DDF881E388F1800F10C64 /* Foundation.framework */ = {isa = PBXFileReference; lastKnownFileType = wrapper.framework; name = Foundation.framework; path = System/Library/Frameworks/Foundation.framework; sourceTree = SDKROOT; };
		941DDF8A1E388F2600F10C64 /* UIKit.framework */ = {isa = PBXFileReference; lastKnownFileType = wrapper.framework; name = UIKit.framework; path = System/Library/Frameworks/UIKit.framework; sourceTree = SDKROOT; };
		941DDF8C1E388F3500F10C64 /* CoreGraphics.framework */ = {isa = PBXFileReference; lastKnownFileType = wrapper.framework; name = CoreGraphics.framework; path = System/Library/Frameworks/CoreGraphics.framework; sourceTree = SDKROOT; };
		941DDF8E1E38929800F10C64 /* HLNetWorkReachability.h */ = {isa = PBXFileReference; fileEncoding = 4; lastKnownFileType = sourcecode.c.h; path = HLNetWorkReachability.h; sourceTree = "<group>"; };
		941DDF8F1E38929800F10C64 /* HLNetWorkReachability.m */ = {isa = PBXFileReference; fileEncoding = 4; lastKnownFileType = sourcecode.c.objc; path = HLNetWorkReachability.m; sourceTree = "<group>"; };
		944C98E41E1CA259003F1736 /* TouchViewController.h */ = {isa = PBXFileReference; fileEncoding = 4; lastKnownFileType = sourcecode.c.h; path = TouchViewController.h; sourceTree = "<group>"; };
		944C98E51E1CA259003F1736 /* TouchViewController.m */ = {isa = PBXFileReference; fileEncoding = 4; lastKnownFileType = sourcecode.c.objc; path = TouchViewController.m; sourceTree = "<group>"; };
		944C98EA1E1CCFE4003F1736 /* TouchChildViewController.h */ = {isa = PBXFileReference; fileEncoding = 4; lastKnownFileType = sourcecode.c.h; path = TouchChildViewController.h; sourceTree = "<group>"; };
		944C98EB1E1CCFE4003F1736 /* TouchChildViewController.m */ = {isa = PBXFileReference; fileEncoding = 4; lastKnownFileType = sourcecode.c.objc; path = TouchChildViewController.m; sourceTree = "<group>"; };
		94663F3A1E08CC4D0022EE6B /* YMDragView.h */ = {isa = PBXFileReference; fileEncoding = 4; lastKnownFileType = sourcecode.c.h; path = YMDragView.h; sourceTree = "<group>"; };
		94663F3B1E08CC4D0022EE6B /* YMDragView.m */ = {isa = PBXFileReference; fileEncoding = 4; lastKnownFileType = sourcecode.c.objc; path = YMDragView.m; sourceTree = "<group>"; };
		9499A4231E540BDC00B4D6A5 /* DACircularProgressView.h */ = {isa = PBXFileReference; fileEncoding = 4; lastKnownFileType = sourcecode.c.h; path = DACircularProgressView.h; sourceTree = "<group>"; };
		9499A4241E540BDC00B4D6A5 /* DACircularProgressView.m */ = {isa = PBXFileReference; fileEncoding = 4; lastKnownFileType = sourcecode.c.objc; path = DACircularProgressView.m; sourceTree = "<group>"; };
		9499A4251E540BDC00B4D6A5 /* DALabeledCircularProgressView.h */ = {isa = PBXFileReference; fileEncoding = 4; lastKnownFileType = sourcecode.c.h; path = DALabeledCircularProgressView.h; sourceTree = "<group>"; };
		9499A4261E540BDC00B4D6A5 /* DALabeledCircularProgressView.m */ = {isa = PBXFileReference; fileEncoding = 4; lastKnownFileType = sourcecode.c.objc; path = DALabeledCircularProgressView.m; sourceTree = "<group>"; };
		94F2E86D1E01528A0013103F /* HomePlist.plist */ = {isa = PBXFileReference; fileEncoding = 4; lastKnownFileType = text.plist.xml; path = HomePlist.plist; sourceTree = "<group>"; };
		94F2E8701E0153670013103F /* WTSystemInfo.h */ = {isa = PBXFileReference; fileEncoding = 4; lastKnownFileType = sourcecode.c.h; path = WTSystemInfo.h; sourceTree = "<group>"; };
		94F2E8711E0153670013103F /* WTSystemInfo.m */ = {isa = PBXFileReference; fileEncoding = 4; lastKnownFileType = sourcecode.c.objc; path = WTSystemInfo.m; sourceTree = "<group>"; };
		94F2E8731E0154180013103F /* PrefixHeader.pch */ = {isa = PBXFileReference; lastKnownFileType = sourcecode.c.h; name = PrefixHeader.pch; path = StudyTarget/PrefixHeader.pch; sourceTree = "<group>"; };
		94F2E8741E0154B90013103F /* WinTreasureConfig.h */ = {isa = PBXFileReference; fileEncoding = 4; lastKnownFileType = sourcecode.c.h; path = WinTreasureConfig.h; sourceTree = "<group>"; };
		94F2E87D1E0174820013103F /* IdentifyViewController.h */ = {isa = PBXFileReference; fileEncoding = 4; lastKnownFileType = sourcecode.c.h; path = IdentifyViewController.h; sourceTree = "<group>"; };
		94F2E87E1E0174820013103F /* IdentifyViewController.m */ = {isa = PBXFileReference; fileEncoding = 4; lastKnownFileType = sourcecode.c.objc; path = IdentifyViewController.m; sourceTree = "<group>"; };
		94F2E8831E01748E0013103F /* LXDScanCodeController.h */ = {isa = PBXFileReference; fileEncoding = 4; lastKnownFileType = sourcecode.c.h; path = LXDScanCodeController.h; sourceTree = "<group>"; };
		94F2E8841E01748E0013103F /* LXDScanCodeController.m */ = {isa = PBXFileReference; fileEncoding = 4; lastKnownFileType = sourcecode.c.objc; path = LXDScanCodeController.m; sourceTree = "<group>"; };
		94F2E8851E01748E0013103F /* LXDScanView.h */ = {isa = PBXFileReference; fileEncoding = 4; lastKnownFileType = sourcecode.c.h; path = LXDScanView.h; sourceTree = "<group>"; };
		94F2E8861E01748E0013103F /* LXDScanView.m */ = {isa = PBXFileReference; fileEncoding = 4; lastKnownFileType = sourcecode.c.objc; path = LXDScanView.m; sourceTree = "<group>"; };
		94FC8B2C1E07D6D300A86EC3 /* JSUIWebView.html */ = {isa = PBXFileReference; fileEncoding = 4; lastKnownFileType = text.html; path = JSUIWebView.html; sourceTree = "<group>"; };
		94FC8B2D1E07D6D300A86EC3 /* JSUIWebViewViewController.h */ = {isa = PBXFileReference; fileEncoding = 4; lastKnownFileType = sourcecode.c.h; path = JSUIWebViewViewController.h; sourceTree = "<group>"; };
		94FC8B2E1E07D6D300A86EC3 /* JSUIWebViewViewController.m */ = {isa = PBXFileReference; fileEncoding = 4; lastKnownFileType = sourcecode.c.objc; path = JSUIWebViewViewController.m; sourceTree = "<group>"; };
		94FC8B2F1E07D6D300A86EC3 /* JSUIWebViewViewController.xib */ = {isa = PBXFileReference; fileEncoding = 4; lastKnownFileType = file.xib; path = JSUIWebViewViewController.xib; sourceTree = "<group>"; };
		94FC8B301E07D6D300A86EC3 /* light_advice.png */ = {isa = PBXFileReference; lastKnownFileType = image.png; path = light_advice.png; sourceTree = "<group>"; };
		94FC8B311E07D6D300A86EC3 /* light_illstration.png */ = {isa = PBXFileReference; lastKnownFileType = image.png; path = light_illstration.png; sourceTree = "<group>"; };
		94FC8B321E07D6D300A86EC3 /* UIWebViewJS.html */ = {isa = PBXFileReference; fileEncoding = 4; lastKnownFileType = text.html; path = UIWebViewJS.html; sourceTree = "<group>"; };
		94FC8B331E07D6D300A86EC3 /* UIWebViewJS_file.html */ = {isa = PBXFileReference; fileEncoding = 4; lastKnownFileType = text.html; path = UIWebViewJS_file.html; sourceTree = "<group>"; };
		94FC8B341E07D6D300A86EC3 /* UIWebViewJS_location.html */ = {isa = PBXFileReference; fileEncoding = 4; lastKnownFileType = text.html; path = UIWebViewJS_location.html; sourceTree = "<group>"; };
		94FC8B351E07D6D300A86EC3 /* UIWebViewJSViewController.h */ = {isa = PBXFileReference; fileEncoding = 4; lastKnownFileType = sourcecode.c.h; path = UIWebViewJSViewController.h; sourceTree = "<group>"; };
		94FC8B361E07D6D300A86EC3 /* UIWebViewJSViewController.m */ = {isa = PBXFileReference; fileEncoding = 4; lastKnownFileType = sourcecode.c.objc; path = UIWebViewJSViewController.m; sourceTree = "<group>"; };
		94FC8B371E07D6D300A86EC3 /* UIWebViewJSViewController.xib */ = {isa = PBXFileReference; fileEncoding = 4; lastKnownFileType = file.xib; path = UIWebViewJSViewController.xib; sourceTree = "<group>"; };
		94FC8B381E07D6D300A86EC3 /* WebView+Alert.h */ = {isa = PBXFileReference; fileEncoding = 4; lastKnownFileType = sourcecode.c.h; path = "WebView+Alert.h"; sourceTree = "<group>"; };
		94FC8B391E07D6D300A86EC3 /* WebView+Alert.m */ = {isa = PBXFileReference; fileEncoding = 4; lastKnownFileType = sourcecode.c.objc; path = "WebView+Alert.m"; sourceTree = "<group>"; };
		94FC8B471E07D78C00A86EC3 /* JSWKWebView.html */ = {isa = PBXFileReference; fileEncoding = 4; lastKnownFileType = text.html; path = JSWKWebView.html; sourceTree = "<group>"; };
		94FC8B481E07D78C00A86EC3 /* JSWKWebViewViewController.h */ = {isa = PBXFileReference; fileEncoding = 4; lastKnownFileType = sourcecode.c.h; path = JSWKWebViewViewController.h; sourceTree = "<group>"; };
		94FC8B491E07D78C00A86EC3 /* JSWKWebViewViewController.m */ = {isa = PBXFileReference; fileEncoding = 4; lastKnownFileType = sourcecode.c.objc; path = JSWKWebViewViewController.m; sourceTree = "<group>"; };
		94FC8B4A1E07D78C00A86EC3 /* JSWKWebViewViewController.xib */ = {isa = PBXFileReference; fileEncoding = 4; lastKnownFileType = file.xib; path = JSWKWebViewViewController.xib; sourceTree = "<group>"; };
		94FC8B4B1E07D78C00A86EC3 /* WKWebViewJS_file.html */ = {isa = PBXFileReference; fileEncoding = 4; lastKnownFileType = text.html; path = WKWebViewJS_file.html; sourceTree = "<group>"; };
		94FC8B4C1E07D78C00A86EC3 /* WKWebViewJS_location.html */ = {isa = PBXFileReference; fileEncoding = 4; lastKnownFileType = text.html; path = WKWebViewJS_location.html; sourceTree = "<group>"; };
		94FC8B4D1E07D78C00A86EC3 /* WKWebViewJS.html */ = {isa = PBXFileReference; fileEncoding = 4; lastKnownFileType = text.html; path = WKWebViewJS.html; sourceTree = "<group>"; };
		94FC8B4E1E07D78C00A86EC3 /* WKWebViewJSViewController.h */ = {isa = PBXFileReference; fileEncoding = 4; lastKnownFileType = sourcecode.c.h; path = WKWebViewJSViewController.h; sourceTree = "<group>"; };
		94FC8B4F1E07D78C00A86EC3 /* WKWebViewJSViewController.m */ = {isa = PBXFileReference; fileEncoding = 4; lastKnownFileType = sourcecode.c.objc; path = WKWebViewJSViewController.m; sourceTree = "<group>"; };
		94FC8B501E07D78C00A86EC3 /* WKWebViewJSViewController.xib */ = {isa = PBXFileReference; fileEncoding = 4; lastKnownFileType = file.xib; path = WKWebViewJSViewController.xib; sourceTree = "<group>"; };
		94FC8B591E07D7B700A86EC3 /* SecondViewController.h */ = {isa = PBXFileReference; fileEncoding = 4; lastKnownFileType = sourcecode.c.h; path = SecondViewController.h; sourceTree = "<group>"; };
		94FC8B5A1E07D7B700A86EC3 /* SecondViewController.m */ = {isa = PBXFileReference; fileEncoding = 4; lastKnownFileType = sourcecode.c.objc; path = SecondViewController.m; sourceTree = "<group>"; };
		94FC8B5B1E07D7B700A86EC3 /* SecondViewController.xib */ = {isa = PBXFileReference; fileEncoding = 4; lastKnownFileType = file.xib; path = SecondViewController.xib; sourceTree = "<group>"; };
		94FC8B5E1E07D7BF00A86EC3 /* OCCallJSViewController.h */ = {isa = PBXFileReference; fileEncoding = 4; lastKnownFileType = sourcecode.c.h; path = OCCallJSViewController.h; sourceTree = "<group>"; };
		94FC8B5F1E07D7BF00A86EC3 /* OCCallJSViewController.m */ = {isa = PBXFileReference; fileEncoding = 4; lastKnownFileType = sourcecode.c.objc; path = OCCallJSViewController.m; sourceTree = "<group>"; };
		94FC8B601E07D7BF00A86EC3 /* OCCallJSViewController.xib */ = {isa = PBXFileReference; fileEncoding = 4; lastKnownFileType = file.xib; path = OCCallJSViewController.xib; sourceTree = "<group>"; };
		94FC8B611E07D7BF00A86EC3 /* test.js */ = {isa = PBXFileReference; fileEncoding = 4; lastKnownFileType = sourcecode.javascript; path = test.js; sourceTree = "<group>"; };
		94FC8B651E07D7C700A86EC3 /* JSCallOC.html */ = {isa = PBXFileReference; fileEncoding = 4; lastKnownFileType = text.html; path = JSCallOC.html; sourceTree = "<group>"; };
		94FC8B661E07D7C700A86EC3 /* JSCallOCViewController.h */ = {isa = PBXFileReference; fileEncoding = 4; lastKnownFileType = sourcecode.c.h; path = JSCallOCViewController.h; sourceTree = "<group>"; };
		94FC8B671E07D7C700A86EC3 /* JSCallOCViewController.m */ = {isa = PBXFileReference; fileEncoding = 4; lastKnownFileType = sourcecode.c.objc; path = JSCallOCViewController.m; sourceTree = "<group>"; };
		94FC8B681E07D7C700A86EC3 /* JSCallOCViewController.xib */ = {isa = PBXFileReference; fileEncoding = 4; lastKnownFileType = file.xib; path = JSCallOCViewController.xib; sourceTree = "<group>"; };
		94FC8B6C1E07D7D000A86EC3 /* highcharts.js */ = {isa = PBXFileReference; fileEncoding = 4; lastKnownFileType = sourcecode.javascript; path = highcharts.js; sourceTree = "<group>"; };
		94FC8B6D1E07D7D000A86EC3 /* HighchartsView.html */ = {isa = PBXFileReference; fileEncoding = 4; lastKnownFileType = text.html; path = HighchartsView.html; sourceTree = "<group>"; };
		94FC8B6E1E07D7D000A86EC3 /* HighchartsWebViewController.h */ = {isa = PBXFileReference; fileEncoding = 4; lastKnownFileType = sourcecode.c.h; path = HighchartsWebViewController.h; sourceTree = "<group>"; };
		94FC8B6F1E07D7D000A86EC3 /* HighchartsWebViewController.m */ = {isa = PBXFileReference; fileEncoding = 4; lastKnownFileType = sourcecode.c.objc; path = HighchartsWebViewController.m; sourceTree = "<group>"; };
		94FC8B701E07D7D000A86EC3 /* HighchartsWebViewController.xib */ = {isa = PBXFileReference; fileEncoding = 4; lastKnownFileType = file.xib; path = HighchartsWebViewController.xib; sourceTree = "<group>"; };
		94FC8B711E07D7D000A86EC3 /* jquery-1.11.0.min.js */ = {isa = PBXFileReference; fileEncoding = 4; lastKnownFileType = sourcecode.javascript; path = "jquery-1.11.0.min.js"; sourceTree = "<group>"; };
		AF5450F452C58FCCFACB2675 /* Pods-StudyTarget.debug.xcconfig */ = {isa = PBXFileReference; includeInIndex = 1; lastKnownFileType = text.xcconfig; name = "Pods-StudyTarget.debug.xcconfig"; path = "Pods/Target Support Files/Pods-StudyTarget/Pods-StudyTarget.debug.xcconfig"; sourceTree = "<group>"; };
/* End PBXFileReference section */

/* Begin PBXFrameworksBuildPhase section */
		78BCBFE61E01019F002B501E /* Frameworks */ = {
			isa = PBXFrameworksBuildPhase;
			buildActionMask = 2147483647;
			files = (
				941DDF8D1E388F3500F10C64 /* CoreGraphics.framework in Frameworks */,
				941DDF8B1E388F2600F10C64 /* UIKit.framework in Frameworks */,
				941DDF891E388F1800F10C64 /* Foundation.framework in Frameworks */,
				941DDF871E388DEB00F10C64 /* SystemConfiguration.framework in Frameworks */,
				3A8895F9E0A75B2111DF6A6A /* libPods-StudyTarget.a in Frameworks */,
			);
			runOnlyForDeploymentPostprocessing = 0;
		};
		78BCBFFF1E01019F002B501E /* Frameworks */ = {
			isa = PBXFrameworksBuildPhase;
			buildActionMask = 2147483647;
			files = (
			);
			runOnlyForDeploymentPostprocessing = 0;
		};
		78BCC00A1E01019F002B501E /* Frameworks */ = {
			isa = PBXFrameworksBuildPhase;
			buildActionMask = 2147483647;
			files = (
			);
			runOnlyForDeploymentPostprocessing = 0;
		};
/* End PBXFrameworksBuildPhase section */

/* Begin PBXGroup section */
		2F5ED3293A87BB18EC6DB6B7 /* Pods */ = {
			isa = PBXGroup;
			children = (
				AF5450F452C58FCCFACB2675 /* Pods-StudyTarget.debug.xcconfig */,
				8D1B5B016BD2149E4625AAAA /* Pods-StudyTarget.release.xcconfig */,
			);
			name = Pods;
			sourceTree = "<group>";
		};
		608F0EC5D79CA7BF44EC97B7 /* Frameworks */ = {
			isa = PBXGroup;
			children = (
				941DDF8C1E388F3500F10C64 /* CoreGraphics.framework */,
				941DDF8A1E388F2600F10C64 /* UIKit.framework */,
				941DDF881E388F1800F10C64 /* Foundation.framework */,
				941DDF861E388DEB00F10C64 /* SystemConfiguration.framework */,
				94F2E8731E0154180013103F /* PrefixHeader.pch */,
				6A733004430C3A0F379101C9 /* libPods-StudyTarget.a */,
			);
			name = Frameworks;
			sourceTree = "<group>";
		};
		7872AA171E02402200B436BB /* Category */ = {
			isa = PBXGroup;
			children = (
				7872AA181E02402200B436BB /* NSObject+Swizzling.h */,
				7872AA191E02402200B436BB /* NSObject+Swizzling.m */,
				7872AA1A1E02402200B436BB /* PlaceHeaderview.h */,
				7872AA1B1E02402200B436BB /* PlaceHeaderview.m */,
				7872AA1C1E02402200B436BB /* UICollectionView+PlaceHeader.h */,
				7872AA1D1E02402200B436BB /* UICollectionView+PlaceHeader.m */,
				7872AA1E1E02402200B436BB /* UITableView+PlaceHeader.h */,
				7872AA1F1E02402200B436BB /* UITableView+PlaceHeader.m */,
			);
			path = Category;
			sourceTree = "<group>";
		};
		78B4C51D1E0781D6006F37AB /* delegate */ = {
			isa = PBXGroup;
			children = (
				78B4C5211E07825C006F37AB /* CLProtocol.h */,
				78B4C5221E07835A006F37AB /* CLDemo.h */,
				78B4C5231E07835A006F37AB /* CLDemo.m */,
				78B4C5251E07851C006F37AB /* CLProtocolDemo.h */,
				78B4C5261E07851C006F37AB /* CLProtocolDemo.m */,
			);
			path = delegate;
			sourceTree = "<group>";
		};
		78BCBFE01E01019F002B501E = {
			isa = PBXGroup;
			children = (
				78BCBFEB1E01019F002B501E /* StudyTarget */,
				78BCC0051E01019F002B501E /* StudyTargetTests */,
				78BCC0101E01019F002B501E /* StudyTargetUITests */,
				78BCBFEA1E01019F002B501E /* Products */,
				2F5ED3293A87BB18EC6DB6B7 /* Pods */,
				608F0EC5D79CA7BF44EC97B7 /* Frameworks */,
			);
			sourceTree = "<group>";
		};
		78BCBFEA1E01019F002B501E /* Products */ = {
			isa = PBXGroup;
			children = (
				78BCBFE91E01019F002B501E /* StudyTarget.app */,
				78BCC0021E01019F002B501E /* StudyTargetTests.xctest */,
				78BCC00D1E01019F002B501E /* StudyTargetUITests.xctest */,
			);
			name = Products;
			sourceTree = "<group>";
		};
		78BCBFEB1E01019F002B501E /* StudyTarget */ = {
			isa = PBXGroup;
			children = (
				78BCC01F1E0101D2002B501E /* Class */,
				78BCC0201E0101D2002B501E /* Source */,
				94F2E86F1E0153530013103F /* Tools */,
				78BCBFEF1E01019F002B501E /* AppDelegate.h */,
				78BCBFF01E01019F002B501E /* AppDelegate.m */,
				78BCBFF81E01019F002B501E /* Assets.xcassets */,
				78BCBFFA1E01019F002B501E /* LaunchScreen.storyboard */,
				78BCBFFD1E01019F002B501E /* Info.plist */,
				78BCBFEC1E01019F002B501E /* Supporting Files */,
			);
			path = StudyTarget;
			sourceTree = "<group>";
		};
		78BCBFEC1E01019F002B501E /* Supporting Files */ = {
			isa = PBXGroup;
			children = (
				78BCBFED1E01019F002B501E /* main.m */,
			);
			name = "Supporting Files";
			sourceTree = "<group>";
		};
		78BCC0051E01019F002B501E /* StudyTargetTests */ = {
			isa = PBXGroup;
			children = (
				78BCC0061E01019F002B501E /* StudyTargetTests.m */,
				78BCC0081E01019F002B501E /* Info.plist */,
			);
			path = StudyTargetTests;
			sourceTree = "<group>";
		};
		78BCC0101E01019F002B501E /* StudyTargetUITests */ = {
			isa = PBXGroup;
			children = (
				78BCC0111E01019F002B501E /* StudyTargetUITests.m */,
				78BCC0131E01019F002B501E /* Info.plist */,
			);
			path = StudyTargetUITests;
			sourceTree = "<group>";
		};
		78BCC01F1E0101D2002B501E /* Class */ = {
			isa = PBXGroup;
			children = (
				78B4C51D1E0781D6006F37AB /* delegate */,
				7872AA171E02402200B436BB /* Category */,
				78BCC0311E0119F1002B501E /* Home */,
				78BCC0341E0119F1002B501E /* Me */,
				78BCC0371E0119F1002B501E /* Work */,
				78BCC0211E0101EE002B501E /* Tabbar */,
			);
			path = Class;
			sourceTree = "<group>";
		};
		78BCC0201E0101D2002B501E /* Source */ = {
			isa = PBXGroup;
			children = (
				78BCC0431E012627002B501E /* Button */,
				78BCC02A1E010312002B501E /* Controller */,
			);
			path = Source;
			sourceTree = "<group>";
		};
		78BCC0211E0101EE002B501E /* Tabbar */ = {
			isa = PBXGroup;
			children = (
				78BCC0251E010222002B501E /* CLTabBar.h */,
				78BCC0261E010222002B501E /* CLTabBar.m */,
				78BCC0281E010233002B501E /* CLTabBar.plist */,
			);
			path = Tabbar;
			sourceTree = "<group>";
		};
		78BCC02A1E010312002B501E /* Controller */ = {
			isa = PBXGroup;
			children = (
				78BCC02B1E010312002B501E /* BaseNavigationController.h */,
				78BCC02C1E010312002B501E /* BaseNavigationController.m */,
				78BCC02D1E010312002B501E /* BaseViewController.h */,
				78BCC02E1E010312002B501E /* BaseViewController.m */,
			);
			path = Controller;
			sourceTree = "<group>";
		};
		78BCC0311E0119F1002B501E /* Home */ = {
			isa = PBXGroup;
			children = (
				94F2E8691E0150A10013103F /* Model */,
				78BCC0321E0119F1002B501E /* Controller */,
				78BCC0331E0119F1002B501E /* View */,
			);
			path = Home;
			sourceTree = "<group>";
		};
		78BCC0321E0119F1002B501E /* Controller */ = {
			isa = PBXGroup;
			children = (
				78BCC03D1E011A50002B501E /* HomeVc.h */,
				78BCC03E1E011A50002B501E /* HomeVc.m */,
			);
			path = Controller;
			sourceTree = "<group>";
		};
		78BCC0331E0119F1002B501E /* View */ = {
			isa = PBXGroup;
			children = (
			);
			path = View;
			sourceTree = "<group>";
		};
		78BCC0341E0119F1002B501E /* Me */ = {
			isa = PBXGroup;
			children = (
				78BCC0351E0119F1002B501E /* Controller */,
				78BCC0361E0119F1002B501E /* View */,
			);
			path = Me;
			sourceTree = "<group>";
		};
		78BCC0351E0119F1002B501E /* Controller */ = {
			isa = PBXGroup;
			children = (
				78BCC0401E011AB8002B501E /* MineVc.h */,
				78BCC0411E011AB8002B501E /* MineVc.m */,
			);
			path = Controller;
			sourceTree = "<group>";
		};
		78BCC0361E0119F1002B501E /* View */ = {
			isa = PBXGroup;
			children = (
			);
			path = View;
			sourceTree = "<group>";
		};
		78BCC0371E0119F1002B501E /* Work */ = {
			isa = PBXGroup;
			children = (
				94F2E87B1E01745C0013103F /* View */,
				94F2E86C1E0152600013103F /* Model */,
				78BCC0381E0119F1002B501E /* Controller */,
			);
			path = Work;
			sourceTree = "<group>";
		};
		78BCC0381E0119F1002B501E /* Controller */ = {
			isa = PBXGroup;
			children = (
				78BCC03A1E011A3D002B501E /* WorkVc.h */,
				78BCC03B1E011A3D002B501E /* WorkVc.m */,
			);
			path = Controller;
			sourceTree = "<group>";
		};
		78BCC0431E012627002B501E /* Button */ = {
			isa = PBXGroup;
			children = (
				78BCC0441E012D14002B501E /* CLButton.h */,
				78BCC0451E012D14002B501E /* CLButton.m */,
				78BCC0461E012D14002B501E /* UIButton+Layout.h */,
				78BCC0471E012D14002B501E /* UIButton+Layout.m */,
			);
			path = Button;
			sourceTree = "<group>";
		};
		940972181E4441F600634BCC /* otherRefresh */ = {
			isa = PBXGroup;
			children = (
				940972191E4441FF00634BCC /* SURefreshHeader.h */,
				9409721A1E4441FF00634BCC /* SURefreshHeader.m */,
				9409721B1E4441FF00634BCC /* UIScrollView+SURefresh.h */,
				9409721C1E4441FF00634BCC /* UIScrollView+SURefresh.m */,
				9409721D1E4441FF00634BCC /* UIView+SURefresh.h */,
				9409721E1E4441FF00634BCC /* UIView+SURefresh.m */,
			);
			path = otherRefresh;
			sourceTree = "<group>";
		};
		944C98E31E1CA244003F1736 /* 3DTouch */ = {
			isa = PBXGroup;
			children = (
				944C98E41E1CA259003F1736 /* TouchViewController.h */,
				944C98E51E1CA259003F1736 /* TouchViewController.m */,
				944C98EA1E1CCFE4003F1736 /* TouchChildViewController.h */,
				944C98EB1E1CCFE4003F1736 /* TouchChildViewController.m */,
			);
			path = 3DTouch;
			sourceTree = "<group>";
		};
		94663F391E08CBF50022EE6B /* DragView */ = {
			isa = PBXGroup;
			children = (
				94663F3A1E08CC4D0022EE6B /* YMDragView.h */,
				94663F3B1E08CC4D0022EE6B /* YMDragView.m */,
			);
			path = DragView;
			sourceTree = "<group>";
		};
		9499A4221E540BDC00B4D6A5 /* DACircularProgress */ = {
			isa = PBXGroup;
			children = (
				9499A4231E540BDC00B4D6A5 /* DACircularProgressView.h */,
				9499A4241E540BDC00B4D6A5 /* DACircularProgressView.m */,
				9499A4251E540BDC00B4D6A5 /* DALabeledCircularProgressView.h */,
				9499A4261E540BDC00B4D6A5 /* DALabeledCircularProgressView.m */,
			);
			path = DACircularProgress;
			sourceTree = "<group>";
		};
		94F2E8691E0150A10013103F /* Model */ = {
			isa = PBXGroup;
			children = (
			);
			path = Model;
			sourceTree = "<group>";
		};
		94F2E86C1E0152600013103F /* Model */ = {
			isa = PBXGroup;
			children = (
				94F2E86D1E01528A0013103F /* HomePlist.plist */,
			);
			path = Model;
			sourceTree = "<group>";
		};
		94F2E86F1E0153530013103F /* Tools */ = {
			isa = PBXGroup;
			children = (
				9499A4221E540BDC00B4D6A5 /* DACircularProgress */,
				940972181E4441F600634BCC /* otherRefresh */,
				94F2E8741E0154B90013103F /* WinTreasureConfig.h */,
				94F2E8701E0153670013103F /* WTSystemInfo.h */,
				94F2E8711E0153670013103F /* WTSystemInfo.m */,
				941DDF801E385D3600F10C64 /* TipView.h */,
				941DDF811E385D3600F10C64 /* TipView.m */,
				941DDF8E1E38929800F10C64 /* HLNetWorkReachability.h */,
				941DDF8F1E38929800F10C64 /* HLNetWorkReachability.m */,
			);
			path = Tools;
			sourceTree = "<group>";
		};
		94F2E87B1E01745C0013103F /* View */ = {
			isa = PBXGroup;
			children = (
				944C98E31E1CA244003F1736 /* 3DTouch */,
				94663F391E08CBF50022EE6B /* DragView */,
				94FC8B111E07CF9500A86EC3 /* JSandOC */,
				94F2E87D1E0174820013103F /* IdentifyViewController.h */,
				94F2E87E1E0174820013103F /* IdentifyViewController.m */,
				94F2E87C1E01745C0013103F /* RecognizeTool */,
			);
			path = View;
			sourceTree = "<group>";
		};
		94F2E87C1E01745C0013103F /* RecognizeTool */ = {
			isa = PBXGroup;
			children = (
				94F2E8831E01748E0013103F /* LXDScanCodeController.h */,
				94F2E8841E01748E0013103F /* LXDScanCodeController.m */,
				94F2E8851E01748E0013103F /* LXDScanView.h */,
				94F2E8861E01748E0013103F /* LXDScanView.m */,
			);
			path = RecognizeTool;
			sourceTree = "<group>";
		};
		94FC8B111E07CF9500A86EC3 /* JSandOC */ = {
			isa = PBXGroup;
			children = (
				94FC8B2B1E07D6D300A86EC3 /* UIWebView<=iOS6 */,
				94FC8B451E07D73300A86EC3 /* JavaScriptCore>=iOS7 */,
				94FC8B461E07D73300A86EC3 /* WKWebView>=iOS8 */,
			);
			path = JSandOC;
			sourceTree = "<group>";
		};
		94FC8B2B1E07D6D300A86EC3 /* UIWebView<=iOS6 */ = {
			isa = PBXGroup;
			children = (
				94FC8B2C1E07D6D300A86EC3 /* JSUIWebView.html */,
				94FC8B2D1E07D6D300A86EC3 /* JSUIWebViewViewController.h */,
				94FC8B2E1E07D6D300A86EC3 /* JSUIWebViewViewController.m */,
				94FC8B2F1E07D6D300A86EC3 /* JSUIWebViewViewController.xib */,
				94FC8B301E07D6D300A86EC3 /* light_advice.png */,
				94FC8B311E07D6D300A86EC3 /* light_illstration.png */,
				94FC8B321E07D6D300A86EC3 /* UIWebViewJS.html */,
				94FC8B331E07D6D300A86EC3 /* UIWebViewJS_file.html */,
				94FC8B341E07D6D300A86EC3 /* UIWebViewJS_location.html */,
				94FC8B351E07D6D300A86EC3 /* UIWebViewJSViewController.h */,
				94FC8B361E07D6D300A86EC3 /* UIWebViewJSViewController.m */,
				94FC8B371E07D6D300A86EC3 /* UIWebViewJSViewController.xib */,
				94FC8B381E07D6D300A86EC3 /* WebView+Alert.h */,
				94FC8B391E07D6D300A86EC3 /* WebView+Alert.m */,
			);
			name = "UIWebView<=iOS6";
			path = UIWebView;
			sourceTree = "<group>";
		};
		94FC8B451E07D73300A86EC3 /* JavaScriptCore>=iOS7 */ = {
			isa = PBXGroup;
			children = (
				94FC8B591E07D7B700A86EC3 /* SecondViewController.h */,
				94FC8B5A1E07D7B700A86EC3 /* SecondViewController.m */,
				94FC8B5B1E07D7B700A86EC3 /* SecondViewController.xib */,
				94FC8B5E1E07D7BF00A86EC3 /* OCCallJSViewController.h */,
				94FC8B5F1E07D7BF00A86EC3 /* OCCallJSViewController.m */,
				94FC8B601E07D7BF00A86EC3 /* OCCallJSViewController.xib */,
				94FC8B611E07D7BF00A86EC3 /* test.js */,
				94FC8B651E07D7C700A86EC3 /* JSCallOC.html */,
				94FC8B661E07D7C700A86EC3 /* JSCallOCViewController.h */,
				94FC8B671E07D7C700A86EC3 /* JSCallOCViewController.m */,
				94FC8B681E07D7C700A86EC3 /* JSCallOCViewController.xib */,
				94FC8B6C1E07D7D000A86EC3 /* highcharts.js */,
				94FC8B6D1E07D7D000A86EC3 /* HighchartsView.html */,
				94FC8B6E1E07D7D000A86EC3 /* HighchartsWebViewController.h */,
				94FC8B6F1E07D7D000A86EC3 /* HighchartsWebViewController.m */,
				94FC8B701E07D7D000A86EC3 /* HighchartsWebViewController.xib */,
				94FC8B711E07D7D000A86EC3 /* jquery-1.11.0.min.js */,
			);
			name = "JavaScriptCore>=iOS7";
			path = JavaScriptCore;
			sourceTree = "<group>";
		};
		94FC8B461E07D73300A86EC3 /* WKWebView>=iOS8 */ = {
			isa = PBXGroup;
			children = (
				94FC8B471E07D78C00A86EC3 /* JSWKWebView.html */,
				94FC8B481E07D78C00A86EC3 /* JSWKWebViewViewController.h */,
				94FC8B491E07D78C00A86EC3 /* JSWKWebViewViewController.m */,
				94FC8B4A1E07D78C00A86EC3 /* JSWKWebViewViewController.xib */,
				94FC8B4B1E07D78C00A86EC3 /* WKWebViewJS_file.html */,
				94FC8B4C1E07D78C00A86EC3 /* WKWebViewJS_location.html */,
				94FC8B4D1E07D78C00A86EC3 /* WKWebViewJS.html */,
				94FC8B4E1E07D78C00A86EC3 /* WKWebViewJSViewController.h */,
				94FC8B4F1E07D78C00A86EC3 /* WKWebViewJSViewController.m */,
				94FC8B501E07D78C00A86EC3 /* WKWebViewJSViewController.xib */,
			);
			name = "WKWebView>=iOS8";
			path = WKWebView;
			sourceTree = "<group>";
		};
/* End PBXGroup section */

/* Begin PBXNativeTarget section */
		78BCBFE81E01019F002B501E /* StudyTarget */ = {
			isa = PBXNativeTarget;
			buildConfigurationList = 78BCC0161E01019F002B501E /* Build configuration list for PBXNativeTarget "StudyTarget" */;
			buildPhases = (
				54D4C5396F1EC40B31496D16 /* [CP] Check Pods Manifest.lock */,
				78BCBFE51E01019F002B501E /* Sources */,
				78BCBFE61E01019F002B501E /* Frameworks */,
				78BCBFE71E01019F002B501E /* Resources */,
				7671C5D7F136F3F3D0E42388 /* [CP] Embed Pods Frameworks */,
				FF7E56BCCE961DB6A0B15474 /* [CP] Copy Pods Resources */,
			);
			buildRules = (
			);
			dependencies = (
			);
			name = StudyTarget;
			productName = StudyTarget;
			productReference = 78BCBFE91E01019F002B501E /* StudyTarget.app */;
			productType = "com.apple.product-type.application";
		};
		78BCC0011E01019F002B501E /* StudyTargetTests */ = {
			isa = PBXNativeTarget;
			buildConfigurationList = 78BCC0191E01019F002B501E /* Build configuration list for PBXNativeTarget "StudyTargetTests" */;
			buildPhases = (
				78BCBFFE1E01019F002B501E /* Sources */,
				78BCBFFF1E01019F002B501E /* Frameworks */,
				78BCC0001E01019F002B501E /* Resources */,
			);
			buildRules = (
			);
			dependencies = (
				78BCC0041E01019F002B501E /* PBXTargetDependency */,
			);
			name = StudyTargetTests;
			productName = StudyTargetTests;
			productReference = 78BCC0021E01019F002B501E /* StudyTargetTests.xctest */;
			productType = "com.apple.product-type.bundle.unit-test";
		};
		78BCC00C1E01019F002B501E /* StudyTargetUITests */ = {
			isa = PBXNativeTarget;
			buildConfigurationList = 78BCC01C1E01019F002B501E /* Build configuration list for PBXNativeTarget "StudyTargetUITests" */;
			buildPhases = (
				78BCC0091E01019F002B501E /* Sources */,
				78BCC00A1E01019F002B501E /* Frameworks */,
				78BCC00B1E01019F002B501E /* Resources */,
			);
			buildRules = (
			);
			dependencies = (
				78BCC00F1E01019F002B501E /* PBXTargetDependency */,
			);
			name = StudyTargetUITests;
			productName = StudyTargetUITests;
			productReference = 78BCC00D1E01019F002B501E /* StudyTargetUITests.xctest */;
			productType = "com.apple.product-type.bundle.ui-testing";
		};
/* End PBXNativeTarget section */

/* Begin PBXProject section */
		78BCBFE11E01019F002B501E /* Project object */ = {
			isa = PBXProject;
			attributes = {
				LastUpgradeCheck = 0800;
				ORGANIZATIONNAME = com.hillhouse.news;
				TargetAttributes = {
					78BCBFE81E01019F002B501E = {
						CreatedOnToolsVersion = 8.0;
						DevelopmentTeam = Q68L398VNY;
						ProvisioningStyle = Automatic;
					};
					78BCC0011E01019F002B501E = {
						CreatedOnToolsVersion = 8.0;
						ProvisioningStyle = Automatic;
						TestTargetID = 78BCBFE81E01019F002B501E;
					};
					78BCC00C1E01019F002B501E = {
						CreatedOnToolsVersion = 8.0;
						ProvisioningStyle = Automatic;
						TestTargetID = 78BCBFE81E01019F002B501E;
					};
				};
			};
			buildConfigurationList = 78BCBFE41E01019F002B501E /* Build configuration list for PBXProject "StudyTarget" */;
			compatibilityVersion = "Xcode 3.2";
			developmentRegion = English;
			hasScannedForEncodings = 0;
			knownRegions = (
				en,
				Base,
			);
			mainGroup = 78BCBFE01E01019F002B501E;
			productRefGroup = 78BCBFEA1E01019F002B501E /* Products */;
			projectDirPath = "";
			projectRoot = "";
			targets = (
				78BCBFE81E01019F002B501E /* StudyTarget */,
				78BCC0011E01019F002B501E /* StudyTargetTests */,
				78BCC00C1E01019F002B501E /* StudyTargetUITests */,
			);
		};
/* End PBXProject section */

/* Begin PBXResourcesBuildPhase section */
		78BCBFE71E01019F002B501E /* Resources */ = {
			isa = PBXResourcesBuildPhase;
			buildActionMask = 2147483647;
			files = (
				94FC8B751E07D7D000A86EC3 /* HighchartsWebViewController.xib in Resources */,
				94FC8B561E07D78C00A86EC3 /* WKWebViewJS.html in Resources */,
				94FC8B761E07D7D000A86EC3 /* jquery-1.11.0.min.js in Resources */,
				78BCC0291E010233002B501E /* CLTabBar.plist in Resources */,
				94FC8B431E07D6D300A86EC3 /* UIWebViewJSViewController.xib in Resources */,
				94FC8B731E07D7D000A86EC3 /* HighchartsView.html in Resources */,
				94FC8B581E07D78C00A86EC3 /* WKWebViewJSViewController.xib in Resources */,
				94FC8B3C1E07D6D300A86EC3 /* JSUIWebViewViewController.xib in Resources */,
				94FC8B721E07D7D000A86EC3 /* highcharts.js in Resources */,
				94FC8B631E07D7BF00A86EC3 /* OCCallJSViewController.xib in Resources */,
				94FC8B531E07D78C00A86EC3 /* JSWKWebViewViewController.xib in Resources */,
				94FC8B3F1E07D6D300A86EC3 /* UIWebViewJS.html in Resources */,
				94FC8B6B1E07D7C700A86EC3 /* JSCallOCViewController.xib in Resources */,
				94FC8B511E07D78C00A86EC3 /* JSWKWebView.html in Resources */,
				78BCBFFC1E01019F002B501E /* LaunchScreen.storyboard in Resources */,
				94F2E86E1E01528A0013103F /* HomePlist.plist in Resources */,
				94FC8B401E07D6D300A86EC3 /* UIWebViewJS_file.html in Resources */,
				94FC8B641E07D7BF00A86EC3 /* test.js in Resources */,
				94FC8B3E1E07D6D300A86EC3 /* light_illstration.png in Resources */,
				94FC8B3D1E07D6D300A86EC3 /* light_advice.png in Resources */,
				94FC8B3A1E07D6D300A86EC3 /* JSUIWebView.html in Resources */,
				94FC8B551E07D78C00A86EC3 /* WKWebViewJS_location.html in Resources */,
				94FC8B691E07D7C700A86EC3 /* JSCallOC.html in Resources */,
				94FC8B541E07D78C00A86EC3 /* WKWebViewJS_file.html in Resources */,
				94FC8B5D1E07D7B700A86EC3 /* SecondViewController.xib in Resources */,
				78BCBFF91E01019F002B501E /* Assets.xcassets in Resources */,
				94FC8B411E07D6D300A86EC3 /* UIWebViewJS_location.html in Resources */,
			);
			runOnlyForDeploymentPostprocessing = 0;
		};
		78BCC0001E01019F002B501E /* Resources */ = {
			isa = PBXResourcesBuildPhase;
			buildActionMask = 2147483647;
			files = (
			);
			runOnlyForDeploymentPostprocessing = 0;
		};
		78BCC00B1E01019F002B501E /* Resources */ = {
			isa = PBXResourcesBuildPhase;
			buildActionMask = 2147483647;
			files = (
			);
			runOnlyForDeploymentPostprocessing = 0;
		};
/* End PBXResourcesBuildPhase section */

/* Begin PBXShellScriptBuildPhase section */
		54D4C5396F1EC40B31496D16 /* [CP] Check Pods Manifest.lock */ = {
			isa = PBXShellScriptBuildPhase;
			buildActionMask = 2147483647;
			files = (
			);
			inputPaths = (
			);
			name = "[CP] Check Pods Manifest.lock";
			outputPaths = (
			);
			runOnlyForDeploymentPostprocessing = 0;
			shellPath = /bin/sh;
			shellScript = "diff \"${PODS_ROOT}/../Podfile.lock\" \"${PODS_ROOT}/Manifest.lock\" > /dev/null\nif [[ $? != 0 ]] ; then\n    cat << EOM\nerror: The sandbox is not in sync with the Podfile.lock. Run 'pod install' or update your CocoaPods installation.\nEOM\n    exit 1\nfi\n";
			showEnvVarsInLog = 0;
		};
		7671C5D7F136F3F3D0E42388 /* [CP] Embed Pods Frameworks */ = {
			isa = PBXShellScriptBuildPhase;
			buildActionMask = 2147483647;
			files = (
			);
			inputPaths = (
			);
			name = "[CP] Embed Pods Frameworks";
			outputPaths = (
			);
			runOnlyForDeploymentPostprocessing = 0;
			shellPath = /bin/sh;
			shellScript = "\"${SRCROOT}/Pods/Target Support Files/Pods-StudyTarget/Pods-StudyTarget-frameworks.sh\"\n";
			showEnvVarsInLog = 0;
		};
		FF7E56BCCE961DB6A0B15474 /* [CP] Copy Pods Resources */ = {
			isa = PBXShellScriptBuildPhase;
			buildActionMask = 2147483647;
			files = (
			);
			inputPaths = (
			);
			name = "[CP] Copy Pods Resources";
			outputPaths = (
			);
			runOnlyForDeploymentPostprocessing = 0;
			shellPath = /bin/sh;
			shellScript = "\"${SRCROOT}/Pods/Target Support Files/Pods-StudyTarget/Pods-StudyTarget-resources.sh\"\n";
			showEnvVarsInLog = 0;
		};
/* End PBXShellScriptBuildPhase section */

/* Begin PBXSourcesBuildPhase section */
		78BCBFE51E01019F002B501E /* Sources */ = {
			isa = PBXSourcesBuildPhase;
			buildActionMask = 2147483647;
			files = (
				78BCC02F1E010312002B501E /* BaseNavigationController.m in Sources */,
				944C98E61E1CA259003F1736 /* TouchViewController.m in Sources */,
				94FC8B571E07D78C00A86EC3 /* WKWebViewJSViewController.m in Sources */,
				94FC8B741E07D7D000A86EC3 /* HighchartsWebViewController.m in Sources */,
				9409721F1E4441FF00634BCC /* SURefreshHeader.m in Sources */,
				78BCC03C1E011A3D002B501E /* WorkVc.m in Sources */,
				78BCC0301E010312002B501E /* BaseViewController.m in Sources */,
				78B4C5241E07835A006F37AB /* CLDemo.m in Sources */,
				94FC8B621E07D7BF00A86EC3 /* OCCallJSViewController.m in Sources */,
				7872AA201E02402200B436BB /* NSObject+Swizzling.m in Sources */,
				78BCC0491E012D14002B501E /* UIButton+Layout.m in Sources */,
				94663F3C1E08CC4D0022EE6B /* YMDragView.m in Sources */,
				94F2E8721E0153670013103F /* WTSystemInfo.m in Sources */,
				78BCC0481E012D14002B501E /* CLButton.m in Sources */,
				941DDF901E38929800F10C64 /* HLNetWorkReachability.m in Sources */,
				7872AA211E02402200B436BB /* PlaceHeaderview.m in Sources */,
				78BCBFF11E01019F002B501E /* AppDelegate.m in Sources */,
				940972201E4441FF00634BCC /* UIScrollView+SURefresh.m in Sources */,
				78B4C5271E07851C006F37AB /* CLProtocolDemo.m in Sources */,
				78BCC0271E010222002B501E /* CLTabBar.m in Sources */,
				94FC8B521E07D78C00A86EC3 /* JSWKWebViewViewController.m in Sources */,
				941DDF821E385D3600F10C64 /* TipView.m in Sources */,
				78BCC0421E011AB8002B501E /* MineVc.m in Sources */,
				94FC8B421E07D6D300A86EC3 /* UIWebViewJSViewController.m in Sources */,
				9499A4271E540BDC00B4D6A5 /* DACircularProgressView.m in Sources */,
				94F2E8881E01748E0013103F /* LXDScanView.m in Sources */,
				94FC8B5C1E07D7B700A86EC3 /* SecondViewController.m in Sources */,
				940972211E4441FF00634BCC /* UIView+SURefresh.m in Sources */,
				9499A4281E540BDC00B4D6A5 /* DALabeledCircularProgressView.m in Sources */,
				7872AA231E02402200B436BB /* UITableView+PlaceHeader.m in Sources */,
				94FC8B6A1E07D7C700A86EC3 /* JSCallOCViewController.m in Sources */,
				94F2E8871E01748E0013103F /* LXDScanCodeController.m in Sources */,
				78BCBFEE1E01019F002B501E /* main.m in Sources */,
				94F2E8811E0174820013103F /* IdentifyViewController.m in Sources */,
				944C98EC1E1CCFE4003F1736 /* TouchChildViewController.m in Sources */,
				94FC8B3B1E07D6D300A86EC3 /* JSUIWebViewViewController.m in Sources */,
				78BCC03F1E011A50002B501E /* HomeVc.m in Sources */,
				94FC8B441E07D6D300A86EC3 /* WebView+Alert.m in Sources */,
				7872AA221E02402200B436BB /* UICollectionView+PlaceHeader.m in Sources */,
			);
			runOnlyForDeploymentPostprocessing = 0;
		};
		78BCBFFE1E01019F002B501E /* Sources */ = {
			isa = PBXSourcesBuildPhase;
			buildActionMask = 2147483647;
			files = (
				78BCC0071E01019F002B501E /* StudyTargetTests.m in Sources */,
			);
			runOnlyForDeploymentPostprocessing = 0;
		};
		78BCC0091E01019F002B501E /* Sources */ = {
			isa = PBXSourcesBuildPhase;
			buildActionMask = 2147483647;
			files = (
				78BCC0121E01019F002B501E /* StudyTargetUITests.m in Sources */,
			);
			runOnlyForDeploymentPostprocessing = 0;
		};
/* End PBXSourcesBuildPhase section */

/* Begin PBXTargetDependency section */
		78BCC0041E01019F002B501E /* PBXTargetDependency */ = {
			isa = PBXTargetDependency;
			target = 78BCBFE81E01019F002B501E /* StudyTarget */;
			targetProxy = 78BCC0031E01019F002B501E /* PBXContainerItemProxy */;
		};
		78BCC00F1E01019F002B501E /* PBXTargetDependency */ = {
			isa = PBXTargetDependency;
			target = 78BCBFE81E01019F002B501E /* StudyTarget */;
			targetProxy = 78BCC00E1E01019F002B501E /* PBXContainerItemProxy */;
		};
/* End PBXTargetDependency section */

/* Begin PBXVariantGroup section */
		78BCBFFA1E01019F002B501E /* LaunchScreen.storyboard */ = {
			isa = PBXVariantGroup;
			children = (
				78BCBFFB1E01019F002B501E /* Base */,
			);
			name = LaunchScreen.storyboard;
			sourceTree = "<group>";
		};
/* End PBXVariantGroup section */

/* Begin XCBuildConfiguration section */
		78BCC0141E01019F002B501E /* Debug */ = {
			isa = XCBuildConfiguration;
			buildSettings = {
				ALWAYS_SEARCH_USER_PATHS = NO;
				CLANG_ANALYZER_NONNULL = YES;
				CLANG_CXX_LANGUAGE_STANDARD = "gnu++0x";
				CLANG_CXX_LIBRARY = "libc++";
				CLANG_ENABLE_MODULES = YES;
				CLANG_ENABLE_OBJC_ARC = YES;
				CLANG_WARN_BOOL_CONVERSION = YES;
				CLANG_WARN_CONSTANT_CONVERSION = YES;
				CLANG_WARN_DIRECT_OBJC_ISA_USAGE = YES_ERROR;
				CLANG_WARN_DOCUMENTATION_COMMENTS = YES;
				CLANG_WARN_EMPTY_BODY = YES;
				CLANG_WARN_ENUM_CONVERSION = YES;
				CLANG_WARN_INFINITE_RECURSION = YES;
				CLANG_WARN_INT_CONVERSION = YES;
				CLANG_WARN_OBJC_ROOT_CLASS = YES_ERROR;
				CLANG_WARN_SUSPICIOUS_MOVES = YES;
				CLANG_WARN_UNREACHABLE_CODE = YES;
				CLANG_WARN__DUPLICATE_METHOD_MATCH = YES;
				"CODE_SIGN_IDENTITY[sdk=iphoneos*]" = "iPhone Developer";
				COPY_PHASE_STRIP = NO;
				DEBUG_INFORMATION_FORMAT = dwarf;
				ENABLE_STRICT_OBJC_MSGSEND = YES;
				ENABLE_TESTABILITY = YES;
				GCC_C_LANGUAGE_STANDARD = gnu99;
				GCC_DYNAMIC_NO_PIC = NO;
				GCC_NO_COMMON_BLOCKS = YES;
				GCC_OPTIMIZATION_LEVEL = 0;
				GCC_PREPROCESSOR_DEFINITIONS = (
					"DEBUG=1",
					"$(inherited)",
				);
				GCC_WARN_64_TO_32_BIT_CONVERSION = YES;
				GCC_WARN_ABOUT_RETURN_TYPE = YES_ERROR;
				GCC_WARN_UNDECLARED_SELECTOR = YES;
				GCC_WARN_UNINITIALIZED_AUTOS = YES_AGGRESSIVE;
				GCC_WARN_UNUSED_FUNCTION = YES;
				GCC_WARN_UNUSED_VARIABLE = YES;
				IPHONEOS_DEPLOYMENT_TARGET = 10.0;
				MTL_ENABLE_DEBUG_INFO = YES;
				ONLY_ACTIVE_ARCH = YES;
				SDKROOT = iphoneos;
			};
			name = Debug;
		};
		78BCC0151E01019F002B501E /* Release */ = {
			isa = XCBuildConfiguration;
			buildSettings = {
				ALWAYS_SEARCH_USER_PATHS = NO;
				CLANG_ANALYZER_NONNULL = YES;
				CLANG_CXX_LANGUAGE_STANDARD = "gnu++0x";
				CLANG_CXX_LIBRARY = "libc++";
				CLANG_ENABLE_MODULES = YES;
				CLANG_ENABLE_OBJC_ARC = YES;
				CLANG_WARN_BOOL_CONVERSION = YES;
				CLANG_WARN_CONSTANT_CONVERSION = YES;
				CLANG_WARN_DIRECT_OBJC_ISA_USAGE = YES_ERROR;
				CLANG_WARN_DOCUMENTATION_COMMENTS = YES;
				CLANG_WARN_EMPTY_BODY = YES;
				CLANG_WARN_ENUM_CONVERSION = YES;
				CLANG_WARN_INFINITE_RECURSION = YES;
				CLANG_WARN_INT_CONVERSION = YES;
				CLANG_WARN_OBJC_ROOT_CLASS = YES_ERROR;
				CLANG_WARN_SUSPICIOUS_MOVES = YES;
				CLANG_WARN_UNREACHABLE_CODE = YES;
				CLANG_WARN__DUPLICATE_METHOD_MATCH = YES;
				"CODE_SIGN_IDENTITY[sdk=iphoneos*]" = "iPhone Developer";
				COPY_PHASE_STRIP = NO;
				DEBUG_INFORMATION_FORMAT = "dwarf-with-dsym";
				ENABLE_NS_ASSERTIONS = NO;
				ENABLE_STRICT_OBJC_MSGSEND = YES;
				GCC_C_LANGUAGE_STANDARD = gnu99;
				GCC_NO_COMMON_BLOCKS = YES;
				GCC_WARN_64_TO_32_BIT_CONVERSION = YES;
				GCC_WARN_ABOUT_RETURN_TYPE = YES_ERROR;
				GCC_WARN_UNDECLARED_SELECTOR = YES;
				GCC_WARN_UNINITIALIZED_AUTOS = YES_AGGRESSIVE;
				GCC_WARN_UNUSED_FUNCTION = YES;
				GCC_WARN_UNUSED_VARIABLE = YES;
				IPHONEOS_DEPLOYMENT_TARGET = 10.0;
				MTL_ENABLE_DEBUG_INFO = NO;
				SDKROOT = iphoneos;
				VALIDATE_PRODUCT = YES;
			};
			name = Release;
		};
		78BCC0171E01019F002B501E /* Debug */ = {
			isa = XCBuildConfiguration;
			baseConfigurationReference = AF5450F452C58FCCFACB2675 /* Pods-StudyTarget.debug.xcconfig */;
			buildSettings = {
				ASSETCATALOG_COMPILER_APPICON_NAME = AppIcon;
				CODE_SIGN_IDENTITY = "iPhone Developer";
				DEVELOPMENT_TEAM = Q68L398VNY;
				GCC_PRECOMPILE_PREFIX_HEADER = YES;
				GCC_PREFIX_HEADER = "$(SRCROOT)/StudyTarget/PrefixHeader.pch";
				INFOPLIST_FILE = StudyTarget/Info.plist;
				IPHONEOS_DEPLOYMENT_TARGET = 8.0;
				LD_RUNPATH_SEARCH_PATHS = "$(inherited) @executable_path/Frameworks";
				PRODUCT_BUNDLE_IDENTIFIER = com.HillHouse.StudyTarget;
				PRODUCT_NAME = "$(TARGET_NAME)";
			};
			name = Debug;
		};
		78BCC0181E01019F002B501E /* Release */ = {
			isa = XCBuildConfiguration;
			baseConfigurationReference = 8D1B5B016BD2149E4625AAAA /* Pods-StudyTarget.release.xcconfig */;
			buildSettings = {
				ASSETCATALOG_COMPILER_APPICON_NAME = AppIcon;
				CODE_SIGN_IDENTITY = "iPhone Developer";
				DEVELOPMENT_TEAM = Q68L398VNY;
				GCC_PRECOMPILE_PREFIX_HEADER = YES;
				GCC_PREFIX_HEADER = "$(SRCROOT)/StudyTarget/PrefixHeader.pch";
				INFOPLIST_FILE = StudyTarget/Info.plist;
				IPHONEOS_DEPLOYMENT_TARGET = 8.0;
				LD_RUNPATH_SEARCH_PATHS = "$(inherited) @executable_path/Frameworks";
				PRODUCT_BUNDLE_IDENTIFIER = com.HillHouse.StudyTarget;
				PRODUCT_NAME = "$(TARGET_NAME)";
			};
			name = Release;
		};
		78BCC01A1E01019F002B501E /* Debug */ = {
			isa = XCBuildConfiguration;
			buildSettings = {
				BUNDLE_LOADER = "$(TEST_HOST)";
				INFOPLIST_FILE = StudyTargetTests/Info.plist;
				LD_RUNPATH_SEARCH_PATHS = "$(inherited) @executable_path/Frameworks @loader_path/Frameworks";
				PRODUCT_BUNDLE_IDENTIFIER = com.HillHouse.StudyTargetTests;
				PRODUCT_NAME = "$(TARGET_NAME)";
				TEST_HOST = "$(BUILT_PRODUCTS_DIR)/StudyTarget.app/StudyTarget";
			};
			name = Debug;
		};
		78BCC01B1E01019F002B501E /* Release */ = {
			isa = XCBuildConfiguration;
			buildSettings = {
				BUNDLE_LOADER = "$(TEST_HOST)";
				INFOPLIST_FILE = StudyTargetTests/Info.plist;
				LD_RUNPATH_SEARCH_PATHS = "$(inherited) @executable_path/Frameworks @loader_path/Frameworks";
				PRODUCT_BUNDLE_IDENTIFIER = com.HillHouse.StudyTargetTests;
				PRODUCT_NAME = "$(TARGET_NAME)";
				TEST_HOST = "$(BUILT_PRODUCTS_DIR)/StudyTarget.app/StudyTarget";
			};
			name = Release;
		};
		78BCC01D1E01019F002B501E /* Debug */ = {
			isa = XCBuildConfiguration;
			buildSettings = {
				INFOPLIST_FILE = StudyTargetUITests/Info.plist;
				LD_RUNPATH_SEARCH_PATHS = "$(inherited) @executable_path/Frameworks @loader_path/Frameworks";
				PRODUCT_BUNDLE_IDENTIFIER = com.HillHouse.StudyTargetUITests;
				PRODUCT_NAME = "$(TARGET_NAME)";
				TEST_TARGET_NAME = StudyTarget;
			};
			name = Debug;
		};
		78BCC01E1E01019F002B501E /* Release */ = {
			isa = XCBuildConfiguration;
			buildSettings = {
				INFOPLIST_FILE = StudyTargetUITests/Info.plist;
				LD_RUNPATH_SEARCH_PATHS = "$(inherited) @executable_path/Frameworks @loader_path/Frameworks";
				PRODUCT_BUNDLE_IDENTIFIER = com.HillHouse.StudyTargetUITests;
				PRODUCT_NAME = "$(TARGET_NAME)";
				TEST_TARGET_NAME = StudyTarget;
			};
			name = Release;
		};
/* End XCBuildConfiguration section */

/* Begin XCConfigurationList section */
		78BCBFE41E01019F002B501E /* Build configuration list for PBXProject "StudyTarget" */ = {
			isa = XCConfigurationList;
			buildConfigurations = (
				78BCC0141E01019F002B501E /* Debug */,
				78BCC0151E01019F002B501E /* Release */,
			);
			defaultConfigurationIsVisible = 0;
			defaultConfigurationName = Release;
		};
		78BCC0161E01019F002B501E /* Build configuration list for PBXNativeTarget "StudyTarget" */ = {
			isa = XCConfigurationList;
			buildConfigurations = (
				78BCC0171E01019F002B501E /* Debug */,
				78BCC0181E01019F002B501E /* Release */,
			);
			defaultConfigurationIsVisible = 0;
			defaultConfigurationName = Release;
		};
		78BCC0191E01019F002B501E /* Build configuration list for PBXNativeTarget "StudyTargetTests" */ = {
			isa = XCConfigurationList;
			buildConfigurations = (
				78BCC01A1E01019F002B501E /* Debug */,
				78BCC01B1E01019F002B501E /* Release */,
			);
			defaultConfigurationIsVisible = 0;
			defaultConfigurationName = Release;
		};
		78BCC01C1E01019F002B501E /* Build configuration list for PBXNativeTarget "StudyTargetUITests" */ = {
			isa = XCConfigurationList;
			buildConfigurations = (
				78BCC01D1E01019F002B501E /* Debug */,
				78BCC01E1E01019F002B501E /* Release */,
			);
			defaultConfigurationIsVisible = 0;
			defaultConfigurationName = Release;
		};
/* End XCConfigurationList section */
	};
	rootObject = 78BCBFE11E01019F002B501E /* Project object */;
}
